
Microsoft Visual Studio Solution File, Format Version 12.00
# Visual Studio Version 17
VisualStudioVersion = 17.14.36518.9 d17.14
MinimumVisualStudioVersion = 10.0.40219.1
Project("{FAE04EC0-301F-11D3-BF4B-00C04F79EFBC}") = "Clock", "Clock.csproj", "{2C27A987-185A-4933-BBEF-A3928C7D19D3}"
EndProject
Global
	GlobalSection(SolutionConfigurationPlatforms) = preSolution
		Debug|Any CPU = Debug|Any CPU
		Release|Any CPU = Release|Any CPU
	EndGlobalSection
	GlobalSection(ProjectConfigurationPlatforms) = postSolution
		{2C27A987-185A-4933-BBEF-A3928C7D19D3}.Debug|Any CPU.ActiveCfg = Debug|Any CPU
		{2C27A987-185A-4933-BBEF-A3928C7D19D3}.Debug|Any CPU.Build.0 = Debug|Any CPU
		{2C27A987-185A-4933-BBEF-A3928C7D19D3}.Release|Any CPU.ActiveCfg = Release|Any CPU
		{2C27A987-185A-4933-BBEF-A3928C7D19D3}.Release|Any CPU.Build.0 = Release|Any CPU
	EndGlobalSection
	GlobalSection(SolutionProperties) = preSolution
		HideSolutionNode = FALSE
	EndGlobalSection
	GlobalSection(ExtensibilityGlobals) = postSolution
		SolutionGuid = {EDC4BDB8-1D38-438F-9725-2FE57F3EBB6E}
	EndGlobalSection
EndGlobal
